// !$*UTF8*$!
{
	archiveVersion = 1;
	classes = {
	};
	objectVersion = 46;
	objects = {

/* Begin PBXBuildFile section */
		941BB6E01D6224AE00A8380D /* Exercise.swift in Sources */ = {isa = PBXBuildFile; fileRef = 941BB6DF1D6224AE00A8380D /* Exercise.swift */; };
		941BB6E21D622BBF00A8380D /* CoreDataManager.swift in Sources */ = {isa = PBXBuildFile; fileRef = 941BB6E11D622BBF00A8380D /* CoreDataManager.swift */; };
		941BB6E51D62333D00A8380D /* Model.xcdatamodeld in Sources */ = {isa = PBXBuildFile; fileRef = 941BB6E31D62333D00A8380D /* Model.xcdatamodeld */; };
		941BB6E71D63859D00A8380D /* ExerciseViewModel.swift in Sources */ = {isa = PBXBuildFile; fileRef = 941BB6E61D63859D00A8380D /* ExerciseViewModel.swift */; };
		941BB6EA1D63A91E00A8380D /* TitleTableViewCell.swift in Sources */ = {isa = PBXBuildFile; fileRef = 941BB6E91D63A91E00A8380D /* TitleTableViewCell.swift */; };
		941BB6EC1D63A93400A8380D /* ImageTableViewCell.swift in Sources */ = {isa = PBXBuildFile; fileRef = 941BB6EB1D63A93400A8380D /* ImageTableViewCell.swift */; };
		941BB6EE1D63A9A800A8380D /* RepAndTimeTableViewCell.swift in Sources */ = {isa = PBXBuildFile; fileRef = 941BB6ED1D63A9A800A8380D /* RepAndTimeTableViewCell.swift */; };
		941BB6F01D63A9B700A8380D /* DescriptionTableViewCell.swift in Sources */ = {isa = PBXBuildFile; fileRef = 941BB6EF1D63A9B700A8380D /* DescriptionTableViewCell.swift */; };
		943270C11D5E5AC900BE2D1A /* CloudKitManager.swift in Sources */ = {isa = PBXBuildFile; fileRef = 943270BF1D5E5AC900BE2D1A /* CloudKitManager.swift */; };
		943270C21D5E5AC900BE2D1A /* UserDefaultsManager.swift in Sources */ = {isa = PBXBuildFile; fileRef = 943270C01D5E5AC900BE2D1A /* UserDefaultsManager.swift */; };
		94475E3B1D5EB6B900D919C4 /* Main.storyboard in Resources */ = {isa = PBXBuildFile; fileRef = 94475E391D5EB6B900D919C4 /* Main.storyboard */; };
		94475E3D1D5EB7BB00D919C4 /* SettingsTableViewController.swift in Sources */ = {isa = PBXBuildFile; fileRef = 94475E3C1D5EB7BB00D919C4 /* SettingsTableViewController.swift */; };
		94475E431D5ED02300D919C4 /* EditExerciseTableViewController.swift in Sources */ = {isa = PBXBuildFile; fileRef = 94475E421D5ED02300D919C4 /* EditExerciseTableViewController.swift */; };
		94475E451D5ED07200D919C4 /* ExerciseTableViewController.swift in Sources */ = {isa = PBXBuildFile; fileRef = 94475E441D5ED07200D919C4 /* ExerciseTableViewController.swift */; };
		946737841D6752CF009803E0 /* AddToSavedExerciseListTableViewCell.swift in Sources */ = {isa = PBXBuildFile; fileRef = 946737831D6752CF009803E0 /* AddToSavedExerciseListTableViewCell.swift */; };
		946737861D6758CE009803E0 /* SavedExerciseList.swift in Sources */ = {isa = PBXBuildFile; fileRef = 946737851D6758CE009803E0 /* SavedExerciseList.swift */; };
		946737891D67952F009803E0 /* ExerciseTabViewController.swift in Sources */ = {isa = PBXBuildFile; fileRef = 946737881D67952E009803E0 /* ExerciseTabViewController.swift */; };
		9467378B1D6B6E17009803E0 /* SavedExerciseTableViewCell.swift in Sources */ = {isa = PBXBuildFile; fileRef = 9467378A1D6B6E17009803E0 /* SavedExerciseTableViewCell.swift */; };
		9467378D1D6E1471009803E0 /* UIColor+Extensions.swift in Sources */ = {isa = PBXBuildFile; fileRef = 9467378C1D6E1471009803E0 /* UIColor+Extensions.swift */; };
		9467378F1D6E31BF009803E0 /* ExerciseCatalogDetailTableViewController.swift in Sources */ = {isa = PBXBuildFile; fileRef = 9467378E1D6E31BF009803E0 /* ExerciseCatalogDetailTableViewController.swift */; };
		949AC21F1D5D69DD0029328B /* AppDelegate.swift in Sources */ = {isa = PBXBuildFile; fileRef = 949AC21E1D5D69DD0029328B /* AppDelegate.swift */; };
		949AC2281D5D69DD0029328B /* Assets.xcassets in Resources */ = {isa = PBXBuildFile; fileRef = 949AC2271D5D69DD0029328B /* Assets.xcassets */; };
		949AC22B1D5D69DD0029328B /* LaunchScreen.storyboard in Resources */ = {isa = PBXBuildFile; fileRef = 949AC2291D5D69DD0029328B /* LaunchScreen.storyboard */; };
		949AC2361D5D69DD0029328B /* RecoverTests.swift in Sources */ = {isa = PBXBuildFile; fileRef = 949AC2351D5D69DD0029328B /* RecoverTests.swift */; };
		949AC2411D5D69DE0029328B /* RecoverUITests.swift in Sources */ = {isa = PBXBuildFile; fileRef = 949AC2401D5D69DE0029328B /* RecoverUITests.swift */; };
		94C323DA1D5E116F00227ACE /* BasicTableViewController.swift in Sources */ = {isa = PBXBuildFile; fileRef = 94C323D91D5E116F00227ACE /* BasicTableViewController.swift */; };
		94C323DE1D5E146600227ACE /* BodyPartCategoryTableViewController.swift in Sources */ = {isa = PBXBuildFile; fileRef = 94C323DD1D5E146600227ACE /* BodyPartCategoryTableViewController.swift */; };
		94C323E01D5E149F00227ACE /* ExerciseListTableViewController.swift in Sources */ = {isa = PBXBuildFile; fileRef = 94C323DF1D5E149F00227ACE /* ExerciseListTableViewController.swift */; };
		94C323E21D5E151F00227ACE /* ExerciseDetailTableViewController.swift in Sources */ = {isa = PBXBuildFile; fileRef = 94C323E11D5E151F00227ACE /* ExerciseDetailTableViewController.swift */; };
		94C323E61D5E177500227ACE /* SavedExerciseListTableViewController.swift in Sources */ = {isa = PBXBuildFile; fileRef = 94C323E51D5E177500227ACE /* SavedExerciseListTableViewController.swift */; };
		94C323E81D5E18BD00227ACE /* SavedExerciseDetailTableViewController.swift in Sources */ = {isa = PBXBuildFile; fileRef = 94C323E71D5E18BD00227ACE /* SavedExerciseDetailTableViewController.swift */; };
		94C4BEF91D660F51004F4E5B /* BodyPart.swift in Sources */ = {isa = PBXBuildFile; fileRef = 94C4BEF81D660F51004F4E5B /* BodyPart.swift */; };
/* End PBXBuildFile section */

/* Begin PBXContainerItemProxy section */
		949AC2321D5D69DD0029328B /* PBXContainerItemProxy */ = {
			isa = PBXContainerItemProxy;
			containerPortal = 949AC2131D5D69DD0029328B /* Project object */;
			proxyType = 1;
			remoteGlobalIDString = 949AC21A1D5D69DD0029328B;
			remoteInfo = Recover;
		};
		949AC23D1D5D69DE0029328B /* PBXContainerItemProxy */ = {
			isa = PBXContainerItemProxy;
			containerPortal = 949AC2131D5D69DD0029328B /* Project object */;
			proxyType = 1;
			remoteGlobalIDString = 949AC21A1D5D69DD0029328B;
			remoteInfo = Recover;
		};
/* End PBXContainerItemProxy section */

/* Begin PBXFileReference section */
		941BB6DF1D6224AE00A8380D /* Exercise.swift */ = {isa = PBXFileReference; fileEncoding = 4; lastKnownFileType = sourcecode.swift; path = Exercise.swift; sourceTree = "<group>"; };
		941BB6E11D622BBF00A8380D /* CoreDataManager.swift */ = {isa = PBXFileReference; fileEncoding = 4; lastKnownFileType = sourcecode.swift; name = CoreDataManager.swift; path = ../../GroceryList/GroceryList/CoreDataManager.swift; sourceTree = "<group>"; };
		941BB6E41D62333D00A8380D /* Model.xcdatamodel */ = {isa = PBXFileReference; lastKnownFileType = wrapper.xcdatamodel; path = Model.xcdatamodel; sourceTree = "<group>"; };
		941BB6E61D63859D00A8380D /* ExerciseViewModel.swift */ = {isa = PBXFileReference; fileEncoding = 4; lastKnownFileType = sourcecode.swift; path = ExerciseViewModel.swift; sourceTree = "<group>"; };
		941BB6E91D63A91E00A8380D /* TitleTableViewCell.swift */ = {isa = PBXFileReference; fileEncoding = 4; lastKnownFileType = sourcecode.swift; path = TitleTableViewCell.swift; sourceTree = "<group>"; };
		941BB6EB1D63A93400A8380D /* ImageTableViewCell.swift */ = {isa = PBXFileReference; fileEncoding = 4; lastKnownFileType = sourcecode.swift; path = ImageTableViewCell.swift; sourceTree = "<group>"; };
		941BB6ED1D63A9A800A8380D /* RepAndTimeTableViewCell.swift */ = {isa = PBXFileReference; fileEncoding = 4; lastKnownFileType = sourcecode.swift; path = RepAndTimeTableViewCell.swift; sourceTree = "<group>"; };
		941BB6EF1D63A9B700A8380D /* DescriptionTableViewCell.swift */ = {isa = PBXFileReference; fileEncoding = 4; lastKnownFileType = sourcecode.swift; path = DescriptionTableViewCell.swift; sourceTree = "<group>"; };
		943270BF1D5E5AC900BE2D1A /* CloudKitManager.swift */ = {isa = PBXFileReference; fileEncoding = 4; lastKnownFileType = sourcecode.swift; path = CloudKitManager.swift; sourceTree = "<group>"; };
		943270C01D5E5AC900BE2D1A /* UserDefaultsManager.swift */ = {isa = PBXFileReference; fileEncoding = 4; lastKnownFileType = sourcecode.swift; path = UserDefaultsManager.swift; sourceTree = "<group>"; };
		94475E3A1D5EB6B900D919C4 /* Base */ = {isa = PBXFileReference; lastKnownFileType = file.storyboard; name = Base; path = Base.lproj/Main.storyboard; sourceTree = "<group>"; };
		94475E3C1D5EB7BB00D919C4 /* SettingsTableViewController.swift */ = {isa = PBXFileReference; fileEncoding = 4; lastKnownFileType = sourcecode.swift; path = SettingsTableViewController.swift; sourceTree = "<group>"; };
		94475E421D5ED02300D919C4 /* EditExerciseTableViewController.swift */ = {isa = PBXFileReference; fileEncoding = 4; lastKnownFileType = sourcecode.swift; path = EditExerciseTableViewController.swift; sourceTree = "<group>"; };
		94475E441D5ED07200D919C4 /* ExerciseTableViewController.swift */ = {isa = PBXFileReference; fileEncoding = 4; lastKnownFileType = sourcecode.swift; path = ExerciseTableViewController.swift; sourceTree = "<group>"; };
		946737831D6752CF009803E0 /* AddToSavedExerciseListTableViewCell.swift */ = {isa = PBXFileReference; fileEncoding = 4; lastKnownFileType = sourcecode.swift; path = AddToSavedExerciseListTableViewCell.swift; sourceTree = "<group>"; };
		946737851D6758CE009803E0 /* SavedExerciseList.swift */ = {isa = PBXFileReference; fileEncoding = 4; lastKnownFileType = sourcecode.swift; path = SavedExerciseList.swift; sourceTree = "<group>"; };
		946737881D67952E009803E0 /* ExerciseTabViewController.swift */ = {isa = PBXFileReference; fileEncoding = 4; lastKnownFileType = sourcecode.swift; path = ExerciseTabViewController.swift; sourceTree = "<group>"; };
		9467378A1D6B6E17009803E0 /* SavedExerciseTableViewCell.swift */ = {isa = PBXFileReference; fileEncoding = 4; lastKnownFileType = sourcecode.swift; path = SavedExerciseTableViewCell.swift; sourceTree = "<group>"; };
		9467378C1D6E1471009803E0 /* UIColor+Extensions.swift */ = {isa = PBXFileReference; fileEncoding = 4; lastKnownFileType = sourcecode.swift; path = "UIColor+Extensions.swift"; sourceTree = "<group>"; };
		9467378E1D6E31BF009803E0 /* ExerciseCatalogDetailTableViewController.swift */ = {isa = PBXFileReference; fileEncoding = 4; lastKnownFileType = sourcecode.swift; path = ExerciseCatalogDetailTableViewController.swift; sourceTree = "<group>"; };
		949AC21B1D5D69DD0029328B /* Recover.app */ = {isa = PBXFileReference; explicitFileType = wrapper.application; includeInIndex = 0; path = Recover.app; sourceTree = BUILT_PRODUCTS_DIR; };
		949AC21E1D5D69DD0029328B /* AppDelegate.swift */ = {isa = PBXFileReference; lastKnownFileType = sourcecode.swift; path = AppDelegate.swift; sourceTree = "<group>"; };
		949AC2271D5D69DD0029328B /* Assets.xcassets */ = {isa = PBXFileReference; lastKnownFileType = folder.assetcatalog; path = Assets.xcassets; sourceTree = "<group>"; };
		949AC22A1D5D69DD0029328B /* Base */ = {isa = PBXFileReference; lastKnownFileType = file.storyboard; name = Base; path = Base.lproj/LaunchScreen.storyboard; sourceTree = "<group>"; };
		949AC22C1D5D69DD0029328B /* Info.plist */ = {isa = PBXFileReference; lastKnownFileType = text.plist.xml; path = Info.plist; sourceTree = "<group>"; };
		949AC2311D5D69DD0029328B /* RecoverTests.xctest */ = {isa = PBXFileReference; explicitFileType = wrapper.cfbundle; includeInIndex = 0; path = RecoverTests.xctest; sourceTree = BUILT_PRODUCTS_DIR; };
		949AC2351D5D69DD0029328B /* RecoverTests.swift */ = {isa = PBXFileReference; lastKnownFileType = sourcecode.swift; path = RecoverTests.swift; sourceTree = "<group>"; };
		949AC2371D5D69DD0029328B /* Info.plist */ = {isa = PBXFileReference; lastKnownFileType = text.plist.xml; path = Info.plist; sourceTree = "<group>"; };
		949AC23C1D5D69DE0029328B /* RecoverUITests.xctest */ = {isa = PBXFileReference; explicitFileType = wrapper.cfbundle; includeInIndex = 0; path = RecoverUITests.xctest; sourceTree = BUILT_PRODUCTS_DIR; };
		949AC2401D5D69DE0029328B /* RecoverUITests.swift */ = {isa = PBXFileReference; lastKnownFileType = sourcecode.swift; path = RecoverUITests.swift; sourceTree = "<group>"; };
		949AC2421D5D69DE0029328B /* Info.plist */ = {isa = PBXFileReference; lastKnownFileType = text.plist.xml; path = Info.plist; sourceTree = "<group>"; };
		94C323D91D5E116F00227ACE /* BasicTableViewController.swift */ = {isa = PBXFileReference; fileEncoding = 4; lastKnownFileType = sourcecode.swift; path = BasicTableViewController.swift; sourceTree = "<group>"; };
		94C323DD1D5E146600227ACE /* BodyPartCategoryTableViewController.swift */ = {isa = PBXFileReference; fileEncoding = 4; lastKnownFileType = sourcecode.swift; path = BodyPartCategoryTableViewController.swift; sourceTree = "<group>"; };
		94C323DF1D5E149F00227ACE /* ExerciseListTableViewController.swift */ = {isa = PBXFileReference; fileEncoding = 4; lastKnownFileType = sourcecode.swift; path = ExerciseListTableViewController.swift; sourceTree = "<group>"; };
		94C323E11D5E151F00227ACE /* ExerciseDetailTableViewController.swift */ = {isa = PBXFileReference; fileEncoding = 4; lastKnownFileType = sourcecode.swift; path = ExerciseDetailTableViewController.swift; sourceTree = "<group>"; };
		94C323E51D5E177500227ACE /* SavedExerciseListTableViewController.swift */ = {isa = PBXFileReference; fileEncoding = 4; lastKnownFileType = sourcecode.swift; path = SavedExerciseListTableViewController.swift; sourceTree = "<group>"; };
		94C323E71D5E18BD00227ACE /* SavedExerciseDetailTableViewController.swift */ = {isa = PBXFileReference; fileEncoding = 4; lastKnownFileType = sourcecode.swift; path = SavedExerciseDetailTableViewController.swift; sourceTree = "<group>"; };
		94C4BEF81D660F51004F4E5B /* BodyPart.swift */ = {isa = PBXFileReference; fileEncoding = 4; lastKnownFileType = sourcecode.swift; path = BodyPart.swift; sourceTree = "<group>"; };
/* End PBXFileReference section */

/* Begin PBXFrameworksBuildPhase section */
		949AC2181D5D69DD0029328B /* Frameworks */ = {
			isa = PBXFrameworksBuildPhase;
			buildActionMask = 2147483647;
			files = (
			);
			runOnlyForDeploymentPostprocessing = 0;
		};
		949AC22E1D5D69DD0029328B /* Frameworks */ = {
			isa = PBXFrameworksBuildPhase;
			buildActionMask = 2147483647;
			files = (
			);
			runOnlyForDeploymentPostprocessing = 0;
		};
		949AC2391D5D69DE0029328B /* Frameworks */ = {
			isa = PBXFrameworksBuildPhase;
			buildActionMask = 2147483647;
			files = (
			);
			runOnlyForDeploymentPostprocessing = 0;
		};
/* End PBXFrameworksBuildPhase section */

/* Begin PBXGroup section */
		941BB6E81D63A8F800A8380D /* TableViewCells */ = {
			isa = PBXGroup;
			children = (
				941BB6E91D63A91E00A8380D /* TitleTableViewCell.swift */,
				941BB6EB1D63A93400A8380D /* ImageTableViewCell.swift */,
				941BB6ED1D63A9A800A8380D /* RepAndTimeTableViewCell.swift */,
				941BB6EF1D63A9B700A8380D /* DescriptionTableViewCell.swift */,
				946737831D6752CF009803E0 /* AddToSavedExerciseListTableViewCell.swift */,
				9467378A1D6B6E17009803E0 /* SavedExerciseTableViewCell.swift */,
			);
			name = TableViewCells;
			sourceTree = "<group>";
		};
		943270BA1D5E582B00BE2D1A /* ModalViews */ = {
			isa = PBXGroup;
			children = (
				94475E3C1D5EB7BB00D919C4 /* SettingsTableViewController.swift */,
				94475E441D5ED07200D919C4 /* ExerciseTableViewController.swift */,
				94475E421D5ED02300D919C4 /* EditExerciseTableViewController.swift */,
			);
			name = ModalViews;
			sourceTree = "<group>";
		};
		949AC2121D5D69DD0029328B = {
			isa = PBXGroup;
			children = (
				949AC21D1D5D69DD0029328B /* Recover */,
				949AC2341D5D69DD0029328B /* RecoverTests */,
				949AC23F1D5D69DE0029328B /* RecoverUITests */,
				949AC21C1D5D69DD0029328B /* Products */,
			);
			sourceTree = "<group>";
		};
		949AC21C1D5D69DD0029328B /* Products */ = {
			isa = PBXGroup;
			children = (
				949AC21B1D5D69DD0029328B /* Recover.app */,
				949AC2311D5D69DD0029328B /* RecoverTests.xctest */,
				949AC23C1D5D69DE0029328B /* RecoverUITests.xctest */,
			);
			name = Products;
			sourceTree = "<group>";
		};
		949AC21D1D5D69DD0029328B /* Recover */ = {
			isa = PBXGroup;
			children = (
				94C323D51D5E10C600227ACE /* Model */,
				94C323D71D5E10C700227ACE /* Views */,
				94C323D61D5E10C700227ACE /* Controllers */,
			);
			path = Recover;
			sourceTree = "<group>";
		};
		949AC2341D5D69DD0029328B /* RecoverTests */ = {
			isa = PBXGroup;
			children = (
				949AC2351D5D69DD0029328B /* RecoverTests.swift */,
				949AC2371D5D69DD0029328B /* Info.plist */,
			);
			path = RecoverTests;
			sourceTree = "<group>";
		};
		949AC23F1D5D69DE0029328B /* RecoverUITests */ = {
			isa = PBXGroup;
			children = (
				949AC2401D5D69DE0029328B /* RecoverUITests.swift */,
				949AC2421D5D69DE0029328B /* Info.plist */,
			);
			path = RecoverUITests;
			sourceTree = "<group>";
		};
		94C323D51D5E10C600227ACE /* Model */ = {
			isa = PBXGroup;
			children = (
				949AC22C1D5D69DD0029328B /* Info.plist */,
				941BB6E31D62333D00A8380D /* Model.xcdatamodeld */,
				941BB6DF1D6224AE00A8380D /* Exercise.swift */,
				94C4BEF81D660F51004F4E5B /* BodyPart.swift */,
				946737851D6758CE009803E0 /* SavedExerciseList.swift */,
				941BB6E61D63859D00A8380D /* ExerciseViewModel.swift */,
				941BB6E11D622BBF00A8380D /* CoreDataManager.swift */,
				943270BF1D5E5AC900BE2D1A /* CloudKitManager.swift */,
				943270C01D5E5AC900BE2D1A /* UserDefaultsManager.swift */,
				9467378C1D6E1471009803E0 /* UIColor+Extensions.swift */,
			);
			name = Model;
			sourceTree = "<group>";
		};
		94C323D61D5E10C700227ACE /* Controllers */ = {
			isa = PBXGroup;
			children = (
				949AC21E1D5D69DD0029328B /* AppDelegate.swift */,
				946737881D67952E009803E0 /* ExerciseTabViewController.swift */,
				943270BA1D5E582B00BE2D1A /* ModalViews */,
				94C323D81D5E10C900227ACE /* TableViewControllers */,
			);
			name = Controllers;
			sourceTree = "<group>";
		};
		94C323D71D5E10C700227ACE /* Views */ = {
			isa = PBXGroup;
			children = (
				94475E391D5EB6B900D919C4 /* Main.storyboard */,
				949AC2291D5D69DD0029328B /* LaunchScreen.storyboard */,
				949AC2271D5D69DD0029328B /* Assets.xcassets */,
			);
			name = Views;
			sourceTree = "<group>";
		};
		94C323D81D5E10C900227ACE /* TableViewControllers */ = {
			isa = PBXGroup;
			children = (
				94C323D91D5E116F00227ACE /* BasicTableViewController.swift */,
				94C323E11D5E151F00227ACE /* ExerciseDetailTableViewController.swift */,
				941BB6E81D63A8F800A8380D /* TableViewCells */,
				94C323E31D5E155C00227ACE /* Catalog */,
				94C323E41D5E156100227ACE /* Saved Exercises */,
			);
			name = TableViewControllers;
			sourceTree = "<group>";
		};
		94C323E31D5E155C00227ACE /* Catalog */ = {
			isa = PBXGroup;
			children = (
				94C323DD1D5E146600227ACE /* BodyPartCategoryTableViewController.swift */,
				94C323DF1D5E149F00227ACE /* ExerciseListTableViewController.swift */,
				9467378E1D6E31BF009803E0 /* ExerciseCatalogDetailTableViewController.swift */,
			);
			name = Catalog;
			sourceTree = "<group>";
		};
		94C323E41D5E156100227ACE /* Saved Exercises */ = {
			isa = PBXGroup;
			children = (
				94C323E51D5E177500227ACE /* SavedExerciseListTableViewController.swift */,
				94C323E71D5E18BD00227ACE /* SavedExerciseDetailTableViewController.swift */,
			);
			name = "Saved Exercises";
			sourceTree = "<group>";
		};
/* End PBXGroup section */

/* Begin PBXNativeTarget section */
		949AC21A1D5D69DD0029328B /* Recover */ = {
			isa = PBXNativeTarget;
			buildConfigurationList = 949AC2451D5D69DE0029328B /* Build configuration list for PBXNativeTarget "Recover" */;
			buildPhases = (
				949AC2171D5D69DD0029328B /* Sources */,
				949AC2181D5D69DD0029328B /* Frameworks */,
				949AC2191D5D69DD0029328B /* Resources */,
			);
			buildRules = (
			);
			dependencies = (
			);
			name = Recover;
			productName = Recover;
			productReference = 949AC21B1D5D69DD0029328B /* Recover.app */;
			productType = "com.apple.product-type.application";
		};
		949AC2301D5D69DD0029328B /* RecoverTests */ = {
			isa = PBXNativeTarget;
			buildConfigurationList = 949AC2481D5D69DE0029328B /* Build configuration list for PBXNativeTarget "RecoverTests" */;
			buildPhases = (
				949AC22D1D5D69DD0029328B /* Sources */,
				949AC22E1D5D69DD0029328B /* Frameworks */,
				949AC22F1D5D69DD0029328B /* Resources */,
			);
			buildRules = (
			);
			dependencies = (
				949AC2331D5D69DD0029328B /* PBXTargetDependency */,
			);
			name = RecoverTests;
			productName = RecoverTests;
			productReference = 949AC2311D5D69DD0029328B /* RecoverTests.xctest */;
			productType = "com.apple.product-type.bundle.unit-test";
		};
		949AC23B1D5D69DE0029328B /* RecoverUITests */ = {
			isa = PBXNativeTarget;
			buildConfigurationList = 949AC24B1D5D69DE0029328B /* Build configuration list for PBXNativeTarget "RecoverUITests" */;
			buildPhases = (
				949AC2381D5D69DE0029328B /* Sources */,
				949AC2391D5D69DE0029328B /* Frameworks */,
				949AC23A1D5D69DE0029328B /* Resources */,
			);
			buildRules = (
			);
			dependencies = (
				949AC23E1D5D69DE0029328B /* PBXTargetDependency */,
			);
			name = RecoverUITests;
			productName = RecoverUITests;
			productReference = 949AC23C1D5D69DE0029328B /* RecoverUITests.xctest */;
			productType = "com.apple.product-type.bundle.ui-testing";
		};
/* End PBXNativeTarget section */

/* Begin PBXProject section */
		949AC2131D5D69DD0029328B /* Project object */ = {
			isa = PBXProject;
			attributes = {
				LastSwiftUpdateCheck = 0730;
				LastUpgradeCheck = 0730;
				ORGANIZATIONNAME = "Ryan Cortez";
				TargetAttributes = {
					949AC21A1D5D69DD0029328B = {
						CreatedOnToolsVersion = 7.3;
					};
					949AC2301D5D69DD0029328B = {
						CreatedOnToolsVersion = 7.3;
						TestTargetID = 949AC21A1D5D69DD0029328B;
					};
					949AC23B1D5D69DE0029328B = {
						CreatedOnToolsVersion = 7.3;
						TestTargetID = 949AC21A1D5D69DD0029328B;
					};
				};
			};
			buildConfigurationList = 949AC2161D5D69DD0029328B /* Build configuration list for PBXProject "Recover" */;
			compatibilityVersion = "Xcode 3.2";
			developmentRegion = English;
			hasScannedForEncodings = 0;
			knownRegions = (
				en,
				Base,
			);
			mainGroup = 949AC2121D5D69DD0029328B;
			productRefGroup = 949AC21C1D5D69DD0029328B /* Products */;
			projectDirPath = "";
			projectRoot = "";
			targets = (
				949AC21A1D5D69DD0029328B /* Recover */,
				949AC2301D5D69DD0029328B /* RecoverTests */,
				949AC23B1D5D69DE0029328B /* RecoverUITests */,
			);
		};
/* End PBXProject section */

/* Begin PBXResourcesBuildPhase section */
		949AC2191D5D69DD0029328B /* Resources */ = {
			isa = PBXResourcesBuildPhase;
			buildActionMask = 2147483647;
			files = (
				949AC22B1D5D69DD0029328B /* LaunchScreen.storyboard in Resources */,
				94475E3B1D5EB6B900D919C4 /* Main.storyboard in Resources */,
				949AC2281D5D69DD0029328B /* Assets.xcassets in Resources */,
			);
			runOnlyForDeploymentPostprocessing = 0;
		};
		949AC22F1D5D69DD0029328B /* Resources */ = {
			isa = PBXResourcesBuildPhase;
			buildActionMask = 2147483647;
			files = (
			);
			runOnlyForDeploymentPostprocessing = 0;
		};
		949AC23A1D5D69DE0029328B /* Resources */ = {
			isa = PBXResourcesBuildPhase;
			buildActionMask = 2147483647;
			files = (
			);
			runOnlyForDeploymentPostprocessing = 0;
		};
/* End PBXResourcesBuildPhase section */

/* Begin PBXSourcesBuildPhase section */
		949AC2171D5D69DD0029328B /* Sources */ = {
			isa = PBXSourcesBuildPhase;
			buildActionMask = 2147483647;
			files = (
				946737891D67952F009803E0 /* ExerciseTabViewController.swift in Sources */,
				94C323E81D5E18BD00227ACE /* SavedExerciseDetailTableViewController.swift in Sources */,
				949AC21F1D5D69DD0029328B /* AppDelegate.swift in Sources */,
				9467378D1D6E1471009803E0 /* UIColor+Extensions.swift in Sources */,
				94C323E21D5E151F00227ACE /* ExerciseDetailTableViewController.swift in Sources */,
				9467378F1D6E31BF009803E0 /* ExerciseCatalogDetailTableViewController.swift in Sources */,
				941BB6E21D622BBF00A8380D /* CoreDataManager.swift in Sources */,
				941BB6EE1D63A9A800A8380D /* RepAndTimeTableViewCell.swift in Sources */,
				9467378B1D6B6E17009803E0 /* SavedExerciseTableViewCell.swift in Sources */,
				94C323DE1D5E146600227ACE /* BodyPartCategoryTableViewController.swift in Sources */,
				94475E451D5ED07200D919C4 /* ExerciseTableViewController.swift in Sources */,
				941BB6E01D6224AE00A8380D /* Exercise.swift in Sources */,
				946737841D6752CF009803E0 /* AddToSavedExerciseListTableViewCell.swift in Sources */,
				943270C21D5E5AC900BE2D1A /* UserDefaultsManager.swift in Sources */,
				94475E431D5ED02300D919C4 /* EditExerciseTableViewController.swift in Sources */,
				943270C11D5E5AC900BE2D1A /* CloudKitManager.swift in Sources */,
				94C323DA1D5E116F00227ACE /* BasicTableViewController.swift in Sources */,
				941BB6E51D62333D00A8380D /* Model.xcdatamodeld in Sources */,
				946737861D6758CE009803E0 /* SavedExerciseList.swift in Sources */,
				941BB6EC1D63A93400A8380D /* ImageTableViewCell.swift in Sources */,
				94C4BEF91D660F51004F4E5B /* BodyPart.swift in Sources */,
				94C323E01D5E149F00227ACE /* ExerciseListTableViewController.swift in Sources */,
				941BB6E71D63859D00A8380D /* ExerciseViewModel.swift in Sources */,
				94475E3D1D5EB7BB00D919C4 /* SettingsTableViewController.swift in Sources */,
				94C323E61D5E177500227ACE /* SavedExerciseListTableViewController.swift in Sources */,
				941BB6EA1D63A91E00A8380D /* TitleTableViewCell.swift in Sources */,
				941BB6F01D63A9B700A8380D /* DescriptionTableViewCell.swift in Sources */,
			);
			runOnlyForDeploymentPostprocessing = 0;
		};
		949AC22D1D5D69DD0029328B /* Sources */ = {
			isa = PBXSourcesBuildPhase;
			buildActionMask = 2147483647;
			files = (
				949AC2361D5D69DD0029328B /* RecoverTests.swift in Sources */,
			);
			runOnlyForDeploymentPostprocessing = 0;
		};
		949AC2381D5D69DE0029328B /* Sources */ = {
			isa = PBXSourcesBuildPhase;
			buildActionMask = 2147483647;
			files = (
				949AC2411D5D69DE0029328B /* RecoverUITests.swift in Sources */,
			);
			runOnlyForDeploymentPostprocessing = 0;
		};
/* End PBXSourcesBuildPhase section */

/* Begin PBXTargetDependency section */
		949AC2331D5D69DD0029328B /* PBXTargetDependency */ = {
			isa = PBXTargetDependency;
			target = 949AC21A1D5D69DD0029328B /* Recover */;
			targetProxy = 949AC2321D5D69DD0029328B /* PBXContainerItemProxy */;
		};
		949AC23E1D5D69DE0029328B /* PBXTargetDependency */ = {
			isa = PBXTargetDependency;
			target = 949AC21A1D5D69DD0029328B /* Recover */;
			targetProxy = 949AC23D1D5D69DE0029328B /* PBXContainerItemProxy */;
		};
/* End PBXTargetDependency section */

/* Begin PBXVariantGroup section */
		94475E391D5EB6B900D919C4 /* Main.storyboard */ = {
			isa = PBXVariantGroup;
			children = (
				94475E3A1D5EB6B900D919C4 /* Base */,
			);
			name = Main.storyboard;
			sourceTree = "<group>";
		};
		949AC2291D5D69DD0029328B /* LaunchScreen.storyboard */ = {
			isa = PBXVariantGroup;
			children = (
				949AC22A1D5D69DD0029328B /* Base */,
			);
			name = LaunchScreen.storyboard;
			sourceTree = "<group>";
		};
/* End PBXVariantGroup section */

/* Begin XCBuildConfiguration section */
		949AC2431D5D69DE0029328B /* Debug */ = {
			isa = XCBuildConfiguration;
			buildSettings = {
				ALWAYS_SEARCH_USER_PATHS = NO;
				CLANG_ANALYZER_NONNULL = YES;
				CLANG_CXX_LANGUAGE_STANDARD = "gnu++0x";
				CLANG_CXX_LIBRARY = "libc++";
				CLANG_ENABLE_MODULES = YES;
				CLANG_ENABLE_OBJC_ARC = YES;
				CLANG_WARN_BOOL_CONVERSION = YES;
				CLANG_WARN_CONSTANT_CONVERSION = YES;
				CLANG_WARN_DIRECT_OBJC_ISA_USAGE = YES_ERROR;
				CLANG_WARN_EMPTY_BODY = YES;
				CLANG_WARN_ENUM_CONVERSION = YES;
				CLANG_WARN_INT_CONVERSION = YES;
				CLANG_WARN_OBJC_ROOT_CLASS = YES_ERROR;
				CLANG_WARN_UNREACHABLE_CODE = YES;
				CLANG_WARN__DUPLICATE_METHOD_MATCH = YES;
				"CODE_SIGN_IDENTITY[sdk=iphoneos*]" = "iPhone Developer";
				COPY_PHASE_STRIP = NO;
				DEBUG_INFORMATION_FORMAT = dwarf;
				ENABLE_STRICT_OBJC_MSGSEND = YES;
				ENABLE_TESTABILITY = YES;
				GCC_C_LANGUAGE_STANDARD = gnu99;
				GCC_DYNAMIC_NO_PIC = NO;
				GCC_NO_COMMON_BLOCKS = YES;
				GCC_OPTIMIZATION_LEVEL = 0;
				GCC_PREPROCESSOR_DEFINITIONS = (
					"DEBUG=1",
					"$(inherited)",
				);
				GCC_WARN_64_TO_32_BIT_CONVERSION = YES;
				GCC_WARN_ABOUT_RETURN_TYPE = YES_ERROR;
				GCC_WARN_UNDECLARED_SELECTOR = YES;
				GCC_WARN_UNINITIALIZED_AUTOS = YES_AGGRESSIVE;
				GCC_WARN_UNUSED_FUNCTION = YES;
				GCC_WARN_UNUSED_VARIABLE = YES;
				IPHONEOS_DEPLOYMENT_TARGET = 9.3;
				MTL_ENABLE_DEBUG_INFO = YES;
				ONLY_ACTIVE_ARCH = YES;
				SDKROOT = iphoneos;
				SWIFT_OPTIMIZATION_LEVEL = "-Onone";
				TARGETED_DEVICE_FAMILY = "1,2";
			};
			name = Debug;
		};
		949AC2441D5D69DE0029328B /* Release */ = {
			isa = XCBuildConfiguration;
			buildSettings = {
				ALWAYS_SEARCH_USER_PATHS = NO;
				CLANG_ANALYZER_NONNULL = YES;
				CLANG_CXX_LANGUAGE_STANDARD = "gnu++0x";
				CLANG_CXX_LIBRARY = "libc++";
				CLANG_ENABLE_MODULES = YES;
				CLANG_ENABLE_OBJC_ARC = YES;
				CLANG_WARN_BOOL_CONVERSION = YES;
				CLANG_WARN_CONSTANT_CONVERSION = YES;
				CLANG_WARN_DIRECT_OBJC_ISA_USAGE = YES_ERROR;
				CLANG_WARN_EMPTY_BODY = YES;
				CLANG_WARN_ENUM_CONVERSION = YES;
				CLANG_WARN_INT_CONVERSION = YES;
				CLANG_WARN_OBJC_ROOT_CLASS = YES_ERROR;
				CLANG_WARN_UNREACHABLE_CODE = YES;
				CLANG_WARN__DUPLICATE_METHOD_MATCH = YES;
				"CODE_SIGN_IDENTITY[sdk=iphoneos*]" = "iPhone Developer";
				COPY_PHASE_STRIP = NO;
				DEBUG_INFORMATION_FORMAT = "dwarf-with-dsym";
				ENABLE_NS_ASSERTIONS = NO;
				ENABLE_STRICT_OBJC_MSGSEND = YES;
				GCC_C_LANGUAGE_STANDARD = gnu99;
				GCC_NO_COMMON_BLOCKS = YES;
				GCC_WARN_64_TO_32_BIT_CONVERSION = YES;
				GCC_WARN_ABOUT_RETURN_TYPE = YES_ERROR;
				GCC_WARN_UNDECLARED_SELECTOR = YES;
				GCC_WARN_UNINITIALIZED_AUTOS = YES_AGGRESSIVE;
				GCC_WARN_UNUSED_FUNCTION = YES;
				GCC_WARN_UNUSED_VARIABLE = YES;
				IPHONEOS_DEPLOYMENT_TARGET = 9.3;
				MTL_ENABLE_DEBUG_INFO = NO;
				SDKROOT = iphoneos;
				TARGETED_DEVICE_FAMILY = "1,2";
				VALIDATE_PRODUCT = YES;
			};
			name = Release;
		};
		949AC2461D5D69DE0029328B /* Debug */ = {
			isa = XCBuildConfiguration;
			buildSettings = {
				ASSETCATALOG_COMPILER_APPICON_NAME = AppIcon;
				INFOPLIST_FILE = Recover/Info.plist;
				LD_RUNPATH_SEARCH_PATHS = "$(inherited) @executable_path/Frameworks";
				PRODUCT_BUNDLE_IDENTIFIER = ryancortez.Recover;
				PRODUCT_NAME = "$(TARGET_NAME)";
			};
			name = Debug;
		};
		949AC2471D5D69DE0029328B /* Release */ = {
			isa = XCBuildConfiguration;
			buildSettings = {
				ASSETCATALOG_COMPILER_APPICON_NAME = AppIcon;
				INFOPLIST_FILE = Recover/Info.plist;
				LD_RUNPATH_SEARCH_PATHS = "$(inherited) @executable_path/Frameworks";
				PRODUCT_BUNDLE_IDENTIFIER = ryancortez.Recover;
				PRODUCT_NAME = "$(TARGET_NAME)";
			};
			name = Release;
		};
		949AC2491D5D69DE0029328B /* Debug */ = {
			isa = XCBuildConfiguration;
			buildSettings = {
				BUNDLE_LOADER = "$(TEST_HOST)";
				INFOPLIST_FILE = RecoverTests/Info.plist;
				LD_RUNPATH_SEARCH_PATHS = "$(inherited) @executable_path/Frameworks @loader_path/Frameworks";
				PRODUCT_BUNDLE_IDENTIFIER = ryancortez.RecoverTests;
				PRODUCT_NAME = "$(TARGET_NAME)";
				TEST_HOST = "$(BUILT_PRODUCTS_DIR)/Recover.app/Recover";
			};
			name = Debug;
		};
		949AC24A1D5D69DE0029328B /* Release */ = {
			isa = XCBuildConfiguration;
			buildSettings = {
				BUNDLE_LOADER = "$(TEST_HOST)";
				INFOPLIST_FILE = RecoverTests/Info.plist;
				LD_RUNPATH_SEARCH_PATHS = "$(inherited) @executable_path/Frameworks @loader_path/Frameworks";
				PRODUCT_BUNDLE_IDENTIFIER = ryancortez.RecoverTests;
				PRODUCT_NAME = "$(TARGET_NAME)";
				TEST_HOST = "$(BUILT_PRODUCTS_DIR)/Recover.app/Recover";
			};
			name = Release;
		};
		949AC24C1D5D69DE0029328B /* Debug */ = {
			isa = XCBuildConfiguration;
			buildSettings = {
				INFOPLIST_FILE = RecoverUITests/Info.plist;
				LD_RUNPATH_SEARCH_PATHS = "$(inherited) @executable_path/Frameworks @loader_path/Frameworks";
				PRODUCT_BUNDLE_IDENTIFIER = ryancortez.RecoverUITests;
				PRODUCT_NAME = "$(TARGET_NAME)";
				TEST_TARGET_NAME = Recover;
			};
			name = Debug;
		};
		949AC24D1D5D69DE0029328B /* Release */ = {
			isa = XCBuildConfiguration;
			buildSettings = {
				INFOPLIST_FILE = RecoverUITests/Info.plist;
				LD_RUNPATH_SEARCH_PATHS = "$(inherited) @executable_path/Frameworks @loader_path/Frameworks";
				PRODUCT_BUNDLE_IDENTIFIER = ryancortez.RecoverUITests;
				PRODUCT_NAME = "$(TARGET_NAME)";
				TEST_TARGET_NAME = Recover;
			};
			name = Release;
		};
/* End XCBuildConfiguration section */

/* Begin XCConfigurationList section */
		949AC2161D5D69DD0029328B /* Build configuration list for PBXProject "Recover" */ = {
			isa = XCConfigurationList;
			buildConfigurations = (
				949AC2431D5D69DE0029328B /* Debug */,
				949AC2441D5D69DE0029328B /* Release */,
			);
			defaultConfigurationIsVisible = 0;
			defaultConfigurationName = Release;
		};
		949AC2451D5D69DE0029328B /* Build configuration list for PBXNativeTarget "Recover" */ = {
			isa = XCConfigurationList;
			buildConfigurations = (
				949AC2461D5D69DE0029328B /* Debug */,
				949AC2471D5D69DE0029328B /* Release */,
			);
			defaultConfigurationIsVisible = 0;
			defaultConfigurationName = Release;
		};
		949AC2481D5D69DE0029328B /* Build configuration list for PBXNativeTarget "RecoverTests" */ = {
			isa = XCConfigurationList;
			buildConfigurations = (
				949AC2491D5D69DE0029328B /* Debug */,
				949AC24A1D5D69DE0029328B /* Release */,
			);
			defaultConfigurationIsVisible = 0;
			defaultConfigurationName = Release;
		};
		949AC24B1D5D69DE0029328B /* Build configuration list for PBXNativeTarget "RecoverUITests" */ = {
			isa = XCConfigurationList;
			buildConfigurations = (
				949AC24C1D5D69DE0029328B /* Debug */,
				949AC24D1D5D69DE0029328B /* Release */,
			);
			defaultConfigurationIsVisible = 0;
			defaultConfigurationName = Release;
		};
/* End XCConfigurationList section */

/* Begin XCVersionGroup section */
		941BB6E31D62333D00A8380D /* Model.xcdatamodeld */ = {
			isa = XCVersionGroup;
			children = (
				941BB6E41D62333D00A8380D /* Model.xcdatamodel */,
			);
			currentVersion = 941BB6E41D62333D00A8380D /* Model.xcdatamodel */;
			path = Model.xcdatamodeld;
			sourceTree = "<group>";
			versionGroupType = wrapper.xcdatamodel;
		};
/* End XCVersionGroup section */
	};
	rootObject = 949AC2131D5D69DD0029328B /* Project object */;
}
